
Microsoft Visual Studio Solution File, Format Version 12.00
# Visual Studio Version 16
VisualStudioVersion = 16.0.29009.5
MinimumVisualStudioVersion = 10.0.40219.1
Project("{FAE04EC0-301F-11D3-BF4B-00C04F79EFBC}") = "Leridge Integration Documentation", "Leridge Integration Documentation\Leridge Integration Documentation.csproj", "{F474B10D-A159-40F3-9264-E66C4F641DD4}"
EndProject
Global
	GlobalSection(SolutionConfigurationPlatforms) = preSolution
		Debug|Any CPU = Debug|Any CPU
		Release|Any CPU = Release|Any CPU
	EndGlobalSection
	GlobalSection(ProjectConfigurationPlatforms) = postSolution
		{F474B10D-A159-40F3-9264-E66C4F641DD4}.Debug|Any CPU.ActiveCfg = Debug|Any CPU
		{F474B10D-A159-40F3-9264-E66C4F641DD4}.Debug|Any CPU.Build.0 = Debug|Any CPU
		{F474B10D-A159-40F3-9264-E66C4F641DD4}.Release|Any CPU.ActiveCfg = Release|Any CPU
		{F474B10D-A159-40F3-9264-E66C4F641DD4}.Release|Any CPU.Build.0 = Release|Any CPU
	EndGlobalSection
	GlobalSection(SolutionProperties) = preSolution
		HideSolutionNode = FALSE
	EndGlobalSection
	GlobalSection(ExtensibilityGlobals) = postSolution
		SolutionGuid = {6E67B936-883C-4505-A514-F9F23D2EC0EF}
	EndGlobalSection
EndGlobal
